
Microsoft Visual Studio Solution File, Format Version 12.00
# Visual Studio Version 16
VisualStudioVersion = 16.0.30804.86
MinimumVisualStudioVersion = 10.0.40219.1
Project("{9A19103F-16F7-4668-BE54-9A1E7A4F7556}") = "blazor_hello_world", "blazor_hello_world.csproj", "{426AC8BB-745B-4213-B27C-B2D1EC2E6537}"
EndProject
Global
	GlobalSection(SolutionConfigurationPlatforms) = preSolution
		Debug|Any CPU = Debug|Any CPU
		Release|Any CPU = Release|Any CPU
	EndGlobalSection
	GlobalSection(ProjectConfigurationPlatforms) = postSolution
		{426AC8BB-745B-4213-B27C-B2D1EC2E6537}.Debug|Any CPU.ActiveCfg = Debug|Any CPU
		{426AC8BB-745B-4213-B27C-B2D1EC2E6537}.Debug|Any CPU.Build.0 = Debug|Any CPU
		{426AC8BB-745B-4213-B27C-B2D1EC2E6537}.Release|Any CPU.ActiveCfg = Release|Any CPU
		{426AC8BB-745B-4213-B27C-B2D1EC2E6537}.Release|Any CPU.Build.0 = Release|Any CPU
	EndGlobalSection
	GlobalSection(SolutionProperties) = preSolution
		HideSolutionNode = FALSE
	EndGlobalSection
	GlobalSection(ExtensibilityGlobals) = postSolution
		SolutionGuid = {EFBF4781-B013-4EE1-B4D0-E4B447E88383}
	EndGlobalSection
EndGlobal
